
Microsoft Visual Studio Solution File, Format Version 12.00
# Visual Studio Version 17
VisualStudioVersion = 17.4.33213.308
MinimumVisualStudioVersion = 10.0.40219.1
Project("{FAE04EC0-301F-11D3-BF4B-00C04F79EFBC}") = "Mc2.CrudTest.Presentation.Server", "Mc2.CrudTest.Presentation\Server\Mc2.CrudTest.Presentation.Server.csproj", "{D2AD2F7D-C1E0-4C84-A2A4-6900CED15599}"
EndProject
Project("{FAE04EC0-301F-11D3-BF4B-00C04F79EFBC}") = "Mc2.CrudTest.Presentation.Client", "Mc2.CrudTest.Presentation\Client\Mc2.CrudTest.Presentation.Client.csproj", "{817C1B83-0CAC-4345-A0BE-5CCF30B15C26}"
EndProject
Project("{FAE04EC0-301F-11D3-BF4B-00C04F79EFBC}") = "Mc2.CrudTest.Presentation.Shared", "Mc2.CrudTest.Presentation\Shared\Mc2.CrudTest.Presentation.Shared.csproj", "{D6F1EC1A-CE1D-4E6D-B61D-07033DD442BE}"
EndProject
Project("{FAE04EC0-301F-11D3-BF4B-00C04F79EFBC}") = "Mc2.CrudTest.AcceptanceTests", "Mc2.CrudTest.AcceptanceTests\Mc2.CrudTest.AcceptanceTests.csproj", "{6776DF76-1054-486C-A79A-57100C47032F}"
EndProject
Project("{2150E333-8FDC-42A3-9474-1A3956D46DE8}") = "Core", "Core", "{0EEAE956-176E-4480-8361-06CF33A3FF34}"
EndProject
Project("{FAE04EC0-301F-11D3-BF4B-00C04F79EFBC}") = "Mc2.CrudTest.Application", "Mc2.CrudTest.Core\Application\Mc2.CrudTest.Application.csproj", "{A8C1DF39-EFA5-4490-930A-B6A42AC9803C}"
EndProject
Project("{FAE04EC0-301F-11D3-BF4B-00C04F79EFBC}") = "Mc2.CrudTest.Domain", "Mc2.CrudTest.Core\Domain\Mc2.CrudTest.Domain.csproj", "{73676A1E-E966-47FF-BCC4-6FDCCF7537D9}"
EndProject
Project("{2150E333-8FDC-42A3-9474-1A3956D46DE8}") = "infrastructure", "infrastructure", "{D845A53A-C8F8-4BB6-AD4C-523B355E5AE9}"
EndProject
Project("{2150E333-8FDC-42A3-9474-1A3956D46DE8}") = "Presentation", "Presentation", "{EA809D7A-A785-4CCB-9C77-78562A757236}"
EndProject
Project("{2150E333-8FDC-42A3-9474-1A3956D46DE8}") = "Tests", "Tests", "{CEEA02F0-DEBC-42A1-B7D7-9EF48E15EB21}"
EndProject
Project("{2150E333-8FDC-42A3-9474-1A3956D46DE8}") = "Persistence", "Persistence", "{68BA1A5B-5A76-43C7-A517-2DCFDFF7D82A}"
EndProject
Project("{FAE04EC0-301F-11D3-BF4B-00C04F79EFBC}") = "Mc2.CrudTest.Persistence", "Mc2.CrudTest.Persistence\Mc2.CrudTest.Persistence.csproj", "{74824EB8-AB5D-4EEC-B548-96A255C8B4B0}"
EndProject
Global
	GlobalSection(SolutionConfigurationPlatforms) = preSolution
		Debug|Any CPU = Debug|Any CPU
		Release|Any CPU = Release|Any CPU
	EndGlobalSection
	GlobalSection(ProjectConfigurationPlatforms) = postSolution
		{D2AD2F7D-C1E0-4C84-A2A4-6900CED15599}.Debug|Any CPU.ActiveCfg = Debug|Any CPU
		{D2AD2F7D-C1E0-4C84-A2A4-6900CED15599}.Debug|Any CPU.Build.0 = Debug|Any CPU
		{D2AD2F7D-C1E0-4C84-A2A4-6900CED15599}.Release|Any CPU.ActiveCfg = Release|Any CPU
		{D2AD2F7D-C1E0-4C84-A2A4-6900CED15599}.Release|Any CPU.Build.0 = Release|Any CPU
		{817C1B83-0CAC-4345-A0BE-5CCF30B15C26}.Debug|Any CPU.ActiveCfg = Debug|Any CPU
		{817C1B83-0CAC-4345-A0BE-5CCF30B15C26}.Debug|Any CPU.Build.0 = Debug|Any CPU
		{817C1B83-0CAC-4345-A0BE-5CCF30B15C26}.Release|Any CPU.ActiveCfg = Release|Any CPU
		{817C1B83-0CAC-4345-A0BE-5CCF30B15C26}.Release|Any CPU.Build.0 = Release|Any CPU
		{D6F1EC1A-CE1D-4E6D-B61D-07033DD442BE}.Debug|Any CPU.ActiveCfg = Debug|Any CPU
		{D6F1EC1A-CE1D-4E6D-B61D-07033DD442BE}.Debug|Any CPU.Build.0 = Debug|Any CPU
		{D6F1EC1A-CE1D-4E6D-B61D-07033DD442BE}.Release|Any CPU.ActiveCfg = Release|Any CPU
		{D6F1EC1A-CE1D-4E6D-B61D-07033DD442BE}.Release|Any CPU.Build.0 = Release|Any CPU
		{6776DF76-1054-486C-A79A-57100C47032F}.Debug|Any CPU.ActiveCfg = Debug|Any CPU
		{6776DF76-1054-486C-A79A-57100C47032F}.Debug|Any CPU.Build.0 = Debug|Any CPU
		{6776DF76-1054-486C-A79A-57100C47032F}.Release|Any CPU.ActiveCfg = Release|Any CPU
		{6776DF76-1054-486C-A79A-57100C47032F}.Release|Any CPU.Build.0 = Release|Any CPU
		{A8C1DF39-EFA5-4490-930A-B6A42AC9803C}.Debug|Any CPU.ActiveCfg = Debug|Any CPU
		{A8C1DF39-EFA5-4490-930A-B6A42AC9803C}.Debug|Any CPU.Build.0 = Debug|Any CPU
		{A8C1DF39-EFA5-4490-930A-B6A42AC9803C}.Release|Any CPU.ActiveCfg = Release|Any CPU
		{A8C1DF39-EFA5-4490-930A-B6A42AC9803C}.Release|Any CPU.Build.0 = Release|Any CPU
		{73676A1E-E966-47FF-BCC4-6FDCCF7537D9}.Debug|Any CPU.ActiveCfg = Debug|Any CPU
		{73676A1E-E966-47FF-BCC4-6FDCCF7537D9}.Debug|Any CPU.Build.0 = Debug|Any CPU
		{73676A1E-E966-47FF-BCC4-6FDCCF7537D9}.Release|Any CPU.ActiveCfg = Release|Any CPU
		{73676A1E-E966-47FF-BCC4-6FDCCF7537D9}.Release|Any CPU.Build.0 = Release|Any CPU
		{74824EB8-AB5D-4EEC-B548-96A255C8B4B0}.Debug|Any CPU.ActiveCfg = Debug|Any CPU
		{74824EB8-AB5D-4EEC-B548-96A255C8B4B0}.Debug|Any CPU.Build.0 = Debug|Any CPU
		{74824EB8-AB5D-4EEC-B548-96A255C8B4B0}.Release|Any CPU.ActiveCfg = Release|Any CPU
		{74824EB8-AB5D-4EEC-B548-96A255C8B4B0}.Release|Any CPU.Build.0 = Release|Any CPU
	EndGlobalSection
	GlobalSection(SolutionProperties) = preSolution
		HideSolutionNode = FALSE
	EndGlobalSection
	GlobalSection(ExtensibilityGlobals) = postSolution
		SolutionGuid = {4B5A26C9-68C1-49D9-9F32-AF907A1730C2}
	EndGlobalSection
	GlobalSection(NestedProjects) = preSolution
		{A8C1DF39-EFA5-4490-930A-B6A42AC9803C} = {0EEAE956-176E-4480-8361-06CF33A3FF34}
		{73676A1E-E966-47FF-BCC4-6FDCCF7537D9} = {0EEAE956-176E-4480-8361-06CF33A3FF34}
		{EA809D7A-A785-4CCB-9C77-78562A757236} = {D845A53A-C8F8-4BB6-AD4C-523B355E5AE9}
		{817C1B83-0CAC-4345-A0BE-5CCF30B15C26} = {EA809D7A-A785-4CCB-9C77-78562A757236}
		{D2AD2F7D-C1E0-4C84-A2A4-6900CED15599} = {EA809D7A-A785-4CCB-9C77-78562A757236}
		{D6F1EC1A-CE1D-4E6D-B61D-07033DD442BE} = {EA809D7A-A785-4CCB-9C77-78562A757236}
		{6776DF76-1054-486C-A79A-57100C47032F} = {CEEA02F0-DEBC-42A1-B7D7-9EF48E15EB21}
		{68BA1A5B-5A76-43C7-A517-2DCFDFF7D82A} = {D845A53A-C8F8-4BB6-AD4C-523B355E5AE9}
		{74824EB8-AB5D-4EEC-B548-96A255C8B4B0} = {68BA1A5B-5A76-43C7-A517-2DCFDFF7D82A}
	EndGlobalSection
EndGlobal
